
Microsoft Visual Studio Solution File, Format Version 12.00
# Visual Studio Version 16
VisualStudioVersion = 16.0.29920.165
MinimumVisualStudioVersion = 10.0.40219.1
Project("{888888A0-9F3D-457C-B088-3A5042F75D52}") = "GoldfishVisuals", "GoldfishVisuals\GoldfishVisuals.pyproj", "{9C08EE8F-45A9-4584-8D2A-F0116EF2F96D}"
EndProject
Global
	GlobalSection(SolutionConfigurationPlatforms) = preSolution
		Debug|Any CPU = Debug|Any CPU
		Release|Any CPU = Release|Any CPU
	EndGlobalSection
	GlobalSection(ProjectConfigurationPlatforms) = postSolution
		{9C08EE8F-45A9-4584-8D2A-F0116EF2F96D}.Debug|Any CPU.ActiveCfg = Debug|Any CPU
		{9C08EE8F-45A9-4584-8D2A-F0116EF2F96D}.Release|Any CPU.ActiveCfg = Release|Any CPU
	EndGlobalSection
	GlobalSection(SolutionProperties) = preSolution
		HideSolutionNode = FALSE
	EndGlobalSection
	GlobalSection(ExtensibilityGlobals) = postSolution
		SolutionGuid = {D667961C-C4AF-40B3-A628-00B7929EDE41}
	EndGlobalSection
EndGlobal
